
Microsoft Visual Studio Solution File, Format Version 12.00
# Visual Studio 15
VisualStudioVersion = 15.0.28010.2046
MinimumVisualStudioVersion = 10.0.40219.1
Project("{9A19103F-16F7-4668-BE54-9A1E7A4F7556}") = "InterpreterPatternDemo", "InterpreterPatternDemo\InterpreterPatternDemo.csproj", "{98758125-6797-4944-A25D-75A92579149A}"
EndProject
Project("{9A19103F-16F7-4668-BE54-9A1E7A4F7556}") = "EmailFilter", "EmailFilter\EmailFilter.csproj", "{7508BB37-9B58-43F0-80CF-57288B73B37E}"
EndProject
Project("{FAE04EC0-301F-11D3-BF4B-00C04F79EFBC}") = "EmailFilter.Tests", "EmailFilter.Tests\EmailFilter.Tests.csproj", "{F417764D-CB6C-4C93-81B9-0662D5512795}"
EndProject
Global
	GlobalSection(SolutionConfigurationPlatforms) = preSolution
		Debug|Any CPU = Debug|Any CPU
		Release|Any CPU = Release|Any CPU
	EndGlobalSection
	GlobalSection(ProjectConfigurationPlatforms) = postSolution
		{98758125-6797-4944-A25D-75A92579149A}.Debug|Any CPU.ActiveCfg = Debug|Any CPU
		{98758125-6797-4944-A25D-75A92579149A}.Debug|Any CPU.Build.0 = Debug|Any CPU
		{98758125-6797-4944-A25D-75A92579149A}.Release|Any CPU.ActiveCfg = Release|Any CPU
		{98758125-6797-4944-A25D-75A92579149A}.Release|Any CPU.Build.0 = Release|Any CPU
		{7508BB37-9B58-43F0-80CF-57288B73B37E}.Debug|Any CPU.ActiveCfg = Debug|Any CPU
		{7508BB37-9B58-43F0-80CF-57288B73B37E}.Debug|Any CPU.Build.0 = Debug|Any CPU
		{7508BB37-9B58-43F0-80CF-57288B73B37E}.Release|Any CPU.ActiveCfg = Release|Any CPU
		{7508BB37-9B58-43F0-80CF-57288B73B37E}.Release|Any CPU.Build.0 = Release|Any CPU
		{F417764D-CB6C-4C93-81B9-0662D5512795}.Debug|Any CPU.ActiveCfg = Debug|Any CPU
		{F417764D-CB6C-4C93-81B9-0662D5512795}.Debug|Any CPU.Build.0 = Debug|Any CPU
		{F417764D-CB6C-4C93-81B9-0662D5512795}.Release|Any CPU.ActiveCfg = Release|Any CPU
		{F417764D-CB6C-4C93-81B9-0662D5512795}.Release|Any CPU.Build.0 = Release|Any CPU
	EndGlobalSection
	GlobalSection(SolutionProperties) = preSolution
		HideSolutionNode = FALSE
	EndGlobalSection
	GlobalSection(ExtensibilityGlobals) = postSolution
		SolutionGuid = {D8838F3C-4EC5-43DE-8E3C-A36DCFB1583A}
	EndGlobalSection
EndGlobal
